
Microsoft Visual Studio Solution File, Format Version 12.00
# Visual Studio Version 16
VisualStudioVersion = 16.0.30011.22
MinimumVisualStudioVersion = 15.0.26124.0
Project("{9A19103F-16F7-4668-BE54-9A1E7A4F7556}") = "AspNetCoreTodo", "AspNetCoreTodo\AspNetCoreTodo.csproj", "{22EDBD74-FB5D-48DC-92BA-9DF982F0519D}"
EndProject
Project("{9A19103F-16F7-4668-BE54-9A1E7A4F7556}") = "AspNetCoreTodo.UnitTests", "AspNetCoreTodo.UnitTests\AspNetCoreTodo.UnitTests.csproj", "{16402BB2-F0C0-47EB-83BD-191C03329F84}"
EndProject
Project("{FAE04EC0-301F-11D3-BF4B-00C04F79EFBC}") = "Model", "Model\Model.csproj", "{93DB1C39-1D94-4AB6-9E0B-2E222B0865EF}"
EndProject
Project("{FAE04EC0-301F-11D3-BF4B-00C04F79EFBC}") = "IRepository", "IRepository\IRepository.csproj", "{8C0B812B-B5F7-41F5-BD1B-0BAEFCFE9105}"
EndProject
Project("{FAE04EC0-301F-11D3-BF4B-00C04F79EFBC}") = "Repository", "Repository\Repository.csproj", "{5C4FCE45-2E68-49DD-B7E3-B45F5D35D261}"
EndProject
Project("{9A19103F-16F7-4668-BE54-9A1E7A4F7556}") = "IService", "IService\IService.csproj", "{2A1B4D2C-E299-440A-964A-2CBE4EF1607B}"
EndProject
Project("{9A19103F-16F7-4668-BE54-9A1E7A4F7556}") = "Service", "Service\Service.csproj", "{E20AD095-1907-4EF4-AC0A-75A89D66A494}"
EndProject
Global
	GlobalSection(SolutionConfigurationPlatforms) = preSolution
		Debug|Any CPU = Debug|Any CPU
		Debug|x64 = Debug|x64
		Debug|x86 = Debug|x86
		Release|Any CPU = Release|Any CPU
		Release|x64 = Release|x64
		Release|x86 = Release|x86
	EndGlobalSection
	GlobalSection(ProjectConfigurationPlatforms) = postSolution
		{22EDBD74-FB5D-48DC-92BA-9DF982F0519D}.Debug|Any CPU.ActiveCfg = Debug|Any CPU
		{22EDBD74-FB5D-48DC-92BA-9DF982F0519D}.Debug|Any CPU.Build.0 = Debug|Any CPU
		{22EDBD74-FB5D-48DC-92BA-9DF982F0519D}.Debug|x64.ActiveCfg = Debug|Any CPU
		{22EDBD74-FB5D-48DC-92BA-9DF982F0519D}.Debug|x64.Build.0 = Debug|Any CPU
		{22EDBD74-FB5D-48DC-92BA-9DF982F0519D}.Debug|x86.ActiveCfg = Debug|Any CPU
		{22EDBD74-FB5D-48DC-92BA-9DF982F0519D}.Debug|x86.Build.0 = Debug|Any CPU
		{22EDBD74-FB5D-48DC-92BA-9DF982F0519D}.Release|Any CPU.ActiveCfg = Release|Any CPU
		{22EDBD74-FB5D-48DC-92BA-9DF982F0519D}.Release|Any CPU.Build.0 = Release|Any CPU
		{22EDBD74-FB5D-48DC-92BA-9DF982F0519D}.Release|x64.ActiveCfg = Release|Any CPU
		{22EDBD74-FB5D-48DC-92BA-9DF982F0519D}.Release|x64.Build.0 = Release|Any CPU
		{22EDBD74-FB5D-48DC-92BA-9DF982F0519D}.Release|x86.ActiveCfg = Release|Any CPU
		{22EDBD74-FB5D-48DC-92BA-9DF982F0519D}.Release|x86.Build.0 = Release|Any CPU
		{16402BB2-F0C0-47EB-83BD-191C03329F84}.Debug|Any CPU.ActiveCfg = Debug|Any CPU
		{16402BB2-F0C0-47EB-83BD-191C03329F84}.Debug|Any CPU.Build.0 = Debug|Any CPU
		{16402BB2-F0C0-47EB-83BD-191C03329F84}.Debug|x64.ActiveCfg = Debug|Any CPU
		{16402BB2-F0C0-47EB-83BD-191C03329F84}.Debug|x64.Build.0 = Debug|Any CPU
		{16402BB2-F0C0-47EB-83BD-191C03329F84}.Debug|x86.ActiveCfg = Debug|Any CPU
		{16402BB2-F0C0-47EB-83BD-191C03329F84}.Debug|x86.Build.0 = Debug|Any CPU
		{16402BB2-F0C0-47EB-83BD-191C03329F84}.Release|Any CPU.ActiveCfg = Release|Any CPU
		{16402BB2-F0C0-47EB-83BD-191C03329F84}.Release|Any CPU.Build.0 = Release|Any CPU
		{16402BB2-F0C0-47EB-83BD-191C03329F84}.Release|x64.ActiveCfg = Release|Any CPU
		{16402BB2-F0C0-47EB-83BD-191C03329F84}.Release|x64.Build.0 = Release|Any CPU
		{16402BB2-F0C0-47EB-83BD-191C03329F84}.Release|x86.ActiveCfg = Release|Any CPU
		{16402BB2-F0C0-47EB-83BD-191C03329F84}.Release|x86.Build.0 = Release|Any CPU
		{93DB1C39-1D94-4AB6-9E0B-2E222B0865EF}.Debug|Any CPU.ActiveCfg = Debug|Any CPU
		{93DB1C39-1D94-4AB6-9E0B-2E222B0865EF}.Debug|Any CPU.Build.0 = Debug|Any CPU
		{93DB1C39-1D94-4AB6-9E0B-2E222B0865EF}.Debug|x64.ActiveCfg = Debug|Any CPU
		{93DB1C39-1D94-4AB6-9E0B-2E222B0865EF}.Debug|x64.Build.0 = Debug|Any CPU
		{93DB1C39-1D94-4AB6-9E0B-2E222B0865EF}.Debug|x86.ActiveCfg = Debug|Any CPU
		{93DB1C39-1D94-4AB6-9E0B-2E222B0865EF}.Debug|x86.Build.0 = Debug|Any CPU
		{93DB1C39-1D94-4AB6-9E0B-2E222B0865EF}.Release|Any CPU.ActiveCfg = Release|Any CPU
		{93DB1C39-1D94-4AB6-9E0B-2E222B0865EF}.Release|Any CPU.Build.0 = Release|Any CPU
		{93DB1C39-1D94-4AB6-9E0B-2E222B0865EF}.Release|x64.ActiveCfg = Release|Any CPU
		{93DB1C39-1D94-4AB6-9E0B-2E222B0865EF}.Release|x64.Build.0 = Release|Any CPU
		{93DB1C39-1D94-4AB6-9E0B-2E222B0865EF}.Release|x86.ActiveCfg = Release|Any CPU
		{93DB1C39-1D94-4AB6-9E0B-2E222B0865EF}.Release|x86.Build.0 = Release|Any CPU
		{8C0B812B-B5F7-41F5-BD1B-0BAEFCFE9105}.Debug|Any CPU.ActiveCfg = Debug|Any CPU
		{8C0B812B-B5F7-41F5-BD1B-0BAEFCFE9105}.Debug|Any CPU.Build.0 = Debug|Any CPU
		{8C0B812B-B5F7-41F5-BD1B-0BAEFCFE9105}.Debug|x64.ActiveCfg = Debug|Any CPU
		{8C0B812B-B5F7-41F5-BD1B-0BAEFCFE9105}.Debug|x64.Build.0 = Debug|Any CPU
		{8C0B812B-B5F7-41F5-BD1B-0BAEFCFE9105}.Debug|x86.ActiveCfg = Debug|Any CPU
		{8C0B812B-B5F7-41F5-BD1B-0BAEFCFE9105}.Debug|x86.Build.0 = Debug|Any CPU
		{8C0B812B-B5F7-41F5-BD1B-0BAEFCFE9105}.Release|Any CPU.ActiveCfg = Release|Any CPU
		{8C0B812B-B5F7-41F5-BD1B-0BAEFCFE9105}.Release|Any CPU.Build.0 = Release|Any CPU
		{8C0B812B-B5F7-41F5-BD1B-0BAEFCFE9105}.Release|x64.ActiveCfg = Release|Any CPU
		{8C0B812B-B5F7-41F5-BD1B-0BAEFCFE9105}.Release|x64.Build.0 = Release|Any CPU
		{8C0B812B-B5F7-41F5-BD1B-0BAEFCFE9105}.Release|x86.ActiveCfg = Release|Any CPU
		{8C0B812B-B5F7-41F5-BD1B-0BAEFCFE9105}.Release|x86.Build.0 = Release|Any CPU
		{5C4FCE45-2E68-49DD-B7E3-B45F5D35D261}.Debug|Any CPU.ActiveCfg = Debug|Any CPU
		{5C4FCE45-2E68-49DD-B7E3-B45F5D35D261}.Debug|Any CPU.Build.0 = Debug|Any CPU
		{5C4FCE45-2E68-49DD-B7E3-B45F5D35D261}.Debug|x64.ActiveCfg = Debug|Any CPU
		{5C4FCE45-2E68-49DD-B7E3-B45F5D35D261}.Debug|x64.Build.0 = Debug|Any CPU
		{5C4FCE45-2E68-49DD-B7E3-B45F5D35D261}.Debug|x86.ActiveCfg = Debug|Any CPU
		{5C4FCE45-2E68-49DD-B7E3-B45F5D35D261}.Debug|x86.Build.0 = Debug|Any CPU
		{5C4FCE45-2E68-49DD-B7E3-B45F5D35D261}.Release|Any CPU.ActiveCfg = Release|Any CPU
		{5C4FCE45-2E68-49DD-B7E3-B45F5D35D261}.Release|Any CPU.Build.0 = Release|Any CPU
		{5C4FCE45-2E68-49DD-B7E3-B45F5D35D261}.Release|x64.ActiveCfg = Release|Any CPU
		{5C4FCE45-2E68-49DD-B7E3-B45F5D35D261}.Release|x64.Build.0 = Release|Any CPU
		{5C4FCE45-2E68-49DD-B7E3-B45F5D35D261}.Release|x86.ActiveCfg = Release|Any CPU
		{5C4FCE45-2E68-49DD-B7E3-B45F5D35D261}.Release|x86.Build.0 = Release|Any CPU
		{2A1B4D2C-E299-440A-964A-2CBE4EF1607B}.Debug|Any CPU.ActiveCfg = Debug|Any CPU
		{2A1B4D2C-E299-440A-964A-2CBE4EF1607B}.Debug|Any CPU.Build.0 = Debug|Any CPU
		{2A1B4D2C-E299-440A-964A-2CBE4EF1607B}.Debug|x64.ActiveCfg = Debug|Any CPU
		{2A1B4D2C-E299-440A-964A-2CBE4EF1607B}.Debug|x64.Build.0 = Debug|Any CPU
		{2A1B4D2C-E299-440A-964A-2CBE4EF1607B}.Debug|x86.ActiveCfg = Debug|Any CPU
		{2A1B4D2C-E299-440A-964A-2CBE4EF1607B}.Debug|x86.Build.0 = Debug|Any CPU
		{2A1B4D2C-E299-440A-964A-2CBE4EF1607B}.Release|Any CPU.ActiveCfg = Release|Any CPU
		{2A1B4D2C-E299-440A-964A-2CBE4EF1607B}.Release|Any CPU.Build.0 = Release|Any CPU
		{2A1B4D2C-E299-440A-964A-2CBE4EF1607B}.Release|x64.ActiveCfg = Release|Any CPU
		{2A1B4D2C-E299-440A-964A-2CBE4EF1607B}.Release|x64.Build.0 = Release|Any CPU
		{2A1B4D2C-E299-440A-964A-2CBE4EF1607B}.Release|x86.ActiveCfg = Release|Any CPU
		{2A1B4D2C-E299-440A-964A-2CBE4EF1607B}.Release|x86.Build.0 = Release|Any CPU
		{E20AD095-1907-4EF4-AC0A-75A89D66A494}.Debug|Any CPU.ActiveCfg = Debug|Any CPU
		{E20AD095-1907-4EF4-AC0A-75A89D66A494}.Debug|Any CPU.Build.0 = Debug|Any CPU
		{E20AD095-1907-4EF4-AC0A-75A89D66A494}.Debug|x64.ActiveCfg = Debug|Any CPU
		{E20AD095-1907-4EF4-AC0A-75A89D66A494}.Debug|x64.Build.0 = Debug|Any CPU
		{E20AD095-1907-4EF4-AC0A-75A89D66A494}.Debug|x86.ActiveCfg = Debug|Any CPU
		{E20AD095-1907-4EF4-AC0A-75A89D66A494}.Debug|x86.Build.0 = Debug|Any CPU
		{E20AD095-1907-4EF4-AC0A-75A89D66A494}.Release|Any CPU.ActiveCfg = Release|Any CPU
		{E20AD095-1907-4EF4-AC0A-75A89D66A494}.Release|Any CPU.Build.0 = Release|Any CPU
		{E20AD095-1907-4EF4-AC0A-75A89D66A494}.Release|x64.ActiveCfg = Release|Any CPU
		{E20AD095-1907-4EF4-AC0A-75A89D66A494}.Release|x64.Build.0 = Release|Any CPU
		{E20AD095-1907-4EF4-AC0A-75A89D66A494}.Release|x86.ActiveCfg = Release|Any CPU
		{E20AD095-1907-4EF4-AC0A-75A89D66A494}.Release|x86.Build.0 = Release|Any CPU
	EndGlobalSection
	GlobalSection(SolutionProperties) = preSolution
		HideSolutionNode = FALSE
	EndGlobalSection
	GlobalSection(ExtensibilityGlobals) = postSolution
		SolutionGuid = {72DB2CAF-8288-427E-9182-65D32C22DACF}
	EndGlobalSection
EndGlobal
