
Microsoft Visual Studio Solution File, Format Version 12.00
# Visual Studio 15
VisualStudioVersion = 15.0.26124.0
MinimumVisualStudioVersion = 15.0.26124.0
Project("{FAE04EC0-301F-11D3-BF4B-00C04F79EFBC}") = "AspNetCoreTodo", "AspNetCoreTodo\AspNetCoreTodo.csproj", "{22EDBD74-FB5D-48DC-92BA-9DF982F0519D}"
EndProject
Project("{FAE04EC0-301F-11D3-BF4B-00C04F79EFBC}") = "AspNetCoreTodo.UnitTests", "AspNetCoreTodo.UnitTests\AspNetCoreTodo.UnitTests.csproj", "{16402BB2-F0C0-47EB-83BD-191C03329F84}"
EndProject
Global
	GlobalSection(SolutionConfigurationPlatforms) = preSolution
		Debug|Any CPU = Debug|Any CPU
		Debug|x64 = Debug|x64
		Debug|x86 = Debug|x86
		Release|Any CPU = Release|Any CPU
		Release|x64 = Release|x64
		Release|x86 = Release|x86
	EndGlobalSection
	GlobalSection(SolutionProperties) = preSolution
		HideSolutionNode = FALSE
	EndGlobalSection
	GlobalSection(ProjectConfigurationPlatforms) = postSolution
		{22EDBD74-FB5D-48DC-92BA-9DF982F0519D}.Debug|Any CPU.ActiveCfg = Debug|Any CPU
		{22EDBD74-FB5D-48DC-92BA-9DF982F0519D}.Debug|Any CPU.Build.0 = Debug|Any CPU
		{22EDBD74-FB5D-48DC-92BA-9DF982F0519D}.Debug|x64.ActiveCfg = Debug|Any CPU
		{22EDBD74-FB5D-48DC-92BA-9DF982F0519D}.Debug|x64.Build.0 = Debug|Any CPU
		{22EDBD74-FB5D-48DC-92BA-9DF982F0519D}.Debug|x86.ActiveCfg = Debug|Any CPU
		{22EDBD74-FB5D-48DC-92BA-9DF982F0519D}.Debug|x86.Build.0 = Debug|Any CPU
		{22EDBD74-FB5D-48DC-92BA-9DF982F0519D}.Release|Any CPU.ActiveCfg = Release|Any CPU
		{22EDBD74-FB5D-48DC-92BA-9DF982F0519D}.Release|Any CPU.Build.0 = Release|Any CPU
		{22EDBD74-FB5D-48DC-92BA-9DF982F0519D}.Release|x64.ActiveCfg = Release|Any CPU
		{22EDBD74-FB5D-48DC-92BA-9DF982F0519D}.Release|x64.Build.0 = Release|Any CPU
		{22EDBD74-FB5D-48DC-92BA-9DF982F0519D}.Release|x86.ActiveCfg = Release|Any CPU
		{22EDBD74-FB5D-48DC-92BA-9DF982F0519D}.Release|x86.Build.0 = Release|Any CPU
		{16402BB2-F0C0-47EB-83BD-191C03329F84}.Debug|Any CPU.ActiveCfg = Debug|Any CPU
		{16402BB2-F0C0-47EB-83BD-191C03329F84}.Debug|Any CPU.Build.0 = Debug|Any CPU
		{16402BB2-F0C0-47EB-83BD-191C03329F84}.Debug|x64.ActiveCfg = Debug|Any CPU
		{16402BB2-F0C0-47EB-83BD-191C03329F84}.Debug|x64.Build.0 = Debug|Any CPU
		{16402BB2-F0C0-47EB-83BD-191C03329F84}.Debug|x86.ActiveCfg = Debug|Any CPU
		{16402BB2-F0C0-47EB-83BD-191C03329F84}.Debug|x86.Build.0 = Debug|Any CPU
		{16402BB2-F0C0-47EB-83BD-191C03329F84}.Release|Any CPU.ActiveCfg = Release|Any CPU
		{16402BB2-F0C0-47EB-83BD-191C03329F84}.Release|Any CPU.Build.0 = Release|Any CPU
		{16402BB2-F0C0-47EB-83BD-191C03329F84}.Release|x64.ActiveCfg = Release|Any CPU
		{16402BB2-F0C0-47EB-83BD-191C03329F84}.Release|x64.Build.0 = Release|Any CPU
		{16402BB2-F0C0-47EB-83BD-191C03329F84}.Release|x86.ActiveCfg = Release|Any CPU
		{16402BB2-F0C0-47EB-83BD-191C03329F84}.Release|x86.Build.0 = Release|Any CPU
	EndGlobalSection
EndGlobal
